// !$*UTF8*$!
{
	archiveVersion = 1;
	classes = {
	};
	objectVersion = 56;
	objects = {

/* Begin PBXBuildFile section */
		8C5953572ABF9EAC00E63540 /* ContactsFeature.swift in Sources */ = {isa = PBXBuildFile; fileRef = 8C5953562ABF9EAC00E63540 /* ContactsFeature.swift */; };
		8C5953592ABF9F3800E63540 /* ContactsView.swift in Sources */ = {isa = PBXBuildFile; fileRef = 8C5953582ABF9F3800E63540 /* ContactsView.swift */; };
		8C59535B2ABFA0BD00E63540 /* AddContactFeature.swift in Sources */ = {isa = PBXBuildFile; fileRef = 8C59535A2ABFA0BD00E63540 /* AddContactFeature.swift */; };
		8C59535E2ABFA15A00E63540 /* AddContactView.swift in Sources */ = {isa = PBXBuildFile; fileRef = 8C59535D2ABFA15A00E63540 /* AddContactView.swift */; };
		8CCC78D32ABF4D6200BC227A /* TCABetaApp.swift in Sources */ = {isa = PBXBuildFile; fileRef = 8CCC78D22ABF4D6200BC227A /* TCABetaApp.swift */; };
		8CCC78D52ABF4D6200BC227A /* CounterView.swift in Sources */ = {isa = PBXBuildFile; fileRef = 8CCC78D42ABF4D6200BC227A /* CounterView.swift */; };
		8CCC78D72ABF4D6500BC227A /* Assets.xcassets in Resources */ = {isa = PBXBuildFile; fileRef = 8CCC78D62ABF4D6500BC227A /* Assets.xcassets */; };
		8CCC78DA2ABF4D6500BC227A /* Preview Assets.xcassets in Resources */ = {isa = PBXBuildFile; fileRef = 8CCC78D92ABF4D6500BC227A /* Preview Assets.xcassets */; };
		8CF901782ABF6F03001F3A54 /* ComposableArchitecture in Frameworks */ = {isa = PBXBuildFile; productRef = 8CF901772ABF6F03001F3A54 /* ComposableArchitecture */; };
		8CF9017A2ABF6FD0001F3A54 /* CounterFeature.swift in Sources */ = {isa = PBXBuildFile; fileRef = 8CF901792ABF6FD0001F3A54 /* CounterFeature.swift */; };
		8CF9017D2ABF7FB6001F3A54 /* PrimaryButton.swift in Sources */ = {isa = PBXBuildFile; fileRef = 8CF9017C2ABF7FB6001F3A54 /* PrimaryButton.swift */; };
		8CF901802ABF8025001F3A54 /* TitleView.swift in Sources */ = {isa = PBXBuildFile; fileRef = 8CF9017F2ABF8025001F3A54 /* TitleView.swift */; };
/* End PBXBuildFile section */

/* Begin PBXFileReference section */
		8C5953562ABF9EAC00E63540 /* ContactsFeature.swift */ = {isa = PBXFileReference; lastKnownFileType = sourcecode.swift; path = ContactsFeature.swift; sourceTree = "<group>"; };
		8C5953582ABF9F3800E63540 /* ContactsView.swift */ = {isa = PBXFileReference; lastKnownFileType = sourcecode.swift; path = ContactsView.swift; sourceTree = "<group>"; };
		8C59535A2ABFA0BD00E63540 /* AddContactFeature.swift */ = {isa = PBXFileReference; lastKnownFileType = sourcecode.swift; path = AddContactFeature.swift; sourceTree = "<group>"; };
		8C59535D2ABFA15A00E63540 /* AddContactView.swift */ = {isa = PBXFileReference; lastKnownFileType = sourcecode.swift; path = AddContactView.swift; sourceTree = "<group>"; };
		8CCC78CF2ABF4D6200BC227A /* TCABeta.app */ = {isa = PBXFileReference; explicitFileType = wrapper.application; includeInIndex = 0; path = TCABeta.app; sourceTree = BUILT_PRODUCTS_DIR; };
		8CCC78D22ABF4D6200BC227A /* TCABetaApp.swift */ = {isa = PBXFileReference; lastKnownFileType = sourcecode.swift; path = TCABetaApp.swift; sourceTree = "<group>"; };
		8CCC78D42ABF4D6200BC227A /* CounterView.swift */ = {isa = PBXFileReference; lastKnownFileType = sourcecode.swift; path = CounterView.swift; sourceTree = "<group>"; };
		8CCC78D62ABF4D6500BC227A /* Assets.xcassets */ = {isa = PBXFileReference; lastKnownFileType = folder.assetcatalog; path = Assets.xcassets; sourceTree = "<group>"; };
		8CCC78D92ABF4D6500BC227A /* Preview Assets.xcassets */ = {isa = PBXFileReference; lastKnownFileType = folder.assetcatalog; path = "Preview Assets.xcassets"; sourceTree = "<group>"; };
		8CF901792ABF6FD0001F3A54 /* CounterFeature.swift */ = {isa = PBXFileReference; lastKnownFileType = sourcecode.swift; path = CounterFeature.swift; sourceTree = "<group>"; };
		8CF9017C2ABF7FB6001F3A54 /* PrimaryButton.swift */ = {isa = PBXFileReference; lastKnownFileType = sourcecode.swift; path = PrimaryButton.swift; sourceTree = "<group>"; };
		8CF9017F2ABF8025001F3A54 /* TitleView.swift */ = {isa = PBXFileReference; lastKnownFileType = sourcecode.swift; path = TitleView.swift; sourceTree = "<group>"; };
		8CF901812ABF84EE001F3A54 /* Info.plist */ = {isa = PBXFileReference; lastKnownFileType = text.plist; path = Info.plist; sourceTree = "<group>"; };
/* End PBXFileReference section */

/* Begin PBXFrameworksBuildPhase section */
		8CCC78CC2ABF4D6200BC227A /* Frameworks */ = {
			isa = PBXFrameworksBuildPhase;
			buildActionMask = 2147483647;
			files = (
				8CF901782ABF6F03001F3A54 /* ComposableArchitecture in Frameworks */,
			);
			runOnlyForDeploymentPostprocessing = 0;
		};
/* End PBXFrameworksBuildPhase section */

/* Begin PBXGroup section */
		8C5953542ABF9E9300E63540 /* Main */ = {
			isa = PBXGroup;
			children = (
			);
			path = Main;
			sourceTree = "<group>";
		};
		8C5953552ABF9E9500E63540 /* Contacts */ = {
			isa = PBXGroup;
			children = (
				8C59535C2ABFA15000E63540 /* AddContact */,
				8C5953562ABF9EAC00E63540 /* ContactsFeature.swift */,
				8C5953582ABF9F3800E63540 /* ContactsView.swift */,
			);
			path = Contacts;
			sourceTree = "<group>";
		};
		8C59535C2ABFA15000E63540 /* AddContact */ = {
			isa = PBXGroup;
			children = (
				8C59535A2ABFA0BD00E63540 /* AddContactFeature.swift */,
				8C59535D2ABFA15A00E63540 /* AddContactView.swift */,
			);
			path = AddContact;
			sourceTree = "<group>";
		};
		8CCC78C62ABF4D6200BC227A = {
			isa = PBXGroup;
			children = (
				8CCC78D12ABF4D6200BC227A /* TCABeta */,
				8CCC78D02ABF4D6200BC227A /* Products */,
			);
			sourceTree = "<group>";
		};
		8CCC78D02ABF4D6200BC227A /* Products */ = {
			isa = PBXGroup;
			children = (
				8CCC78CF2ABF4D6200BC227A /* TCABeta.app */,
			);
			name = Products;
			sourceTree = "<group>";
		};
		8CCC78D12ABF4D6200BC227A /* TCABeta */ = {
			isa = PBXGroup;
			children = (
				8CF901812ABF84EE001F3A54 /* Info.plist */,
				8CF9017B2ABF7F59001F3A54 /* Views */,
				8CCC78D22ABF4D6200BC227A /* TCABetaApp.swift */,
				8CCC78D62ABF4D6500BC227A /* Assets.xcassets */,
				8CCC78D82ABF4D6500BC227A /* Preview Content */,
			);
			path = TCABeta;
			sourceTree = "<group>";
		};
		8CCC78D82ABF4D6500BC227A /* Preview Content */ = {
			isa = PBXGroup;
			children = (
				8CCC78D92ABF4D6500BC227A /* Preview Assets.xcassets */,
			);
			path = "Preview Content";
			sourceTree = "<group>";
		};
		8CF9017B2ABF7F59001F3A54 /* Views */ = {
			isa = PBXGroup;
			children = (
				8C5953552ABF9E9500E63540 /* Contacts */,
				8C5953542ABF9E9300E63540 /* Main */,
				8CF901822ABF8835001F3A54 /* Counter */,
			);
			path = Views;
			sourceTree = "<group>";
		};
		8CF9017E2ABF8016001F3A54 /* Components */ = {
			isa = PBXGroup;
			children = (
				8CF9017C2ABF7FB6001F3A54 /* PrimaryButton.swift */,
				8CF9017F2ABF8025001F3A54 /* TitleView.swift */,
			);
			path = Components;
			sourceTree = "<group>";
		};
		8CF901822ABF8835001F3A54 /* Counter */ = {
			isa = PBXGroup;
			children = (
				8CCC78D42ABF4D6200BC227A /* CounterView.swift */,
				8CF901792ABF6FD0001F3A54 /* CounterFeature.swift */,
				8CF9017E2ABF8016001F3A54 /* Components */,
			);
			path = Counter;
			sourceTree = "<group>";
		};
/* End PBXGroup section */

/* Begin PBXNativeTarget section */
		8CCC78CE2ABF4D6200BC227A /* TCABeta */ = {
			isa = PBXNativeTarget;
			buildConfigurationList = 8CCC78DD2ABF4D6500BC227A /* Build configuration list for PBXNativeTarget "TCABeta" */;
			buildPhases = (
				8CCC78CB2ABF4D6200BC227A /* Sources */,
				8CCC78CC2ABF4D6200BC227A /* Frameworks */,
				8CCC78CD2ABF4D6200BC227A /* Resources */,
			);
			buildRules = (
			);
			dependencies = (
			);
			name = TCABeta;
			packageProductDependencies = (
				8CF901772ABF6F03001F3A54 /* ComposableArchitecture */,
			);
			productName = TCABeta;
			productReference = 8CCC78CF2ABF4D6200BC227A /* TCABeta.app */;
			productType = "com.apple.product-type.application";
		};
/* End PBXNativeTarget section */

/* Begin PBXProject section */
		8CCC78C72ABF4D6200BC227A /* Project object */ = {
			isa = PBXProject;
			attributes = {
				BuildIndependentTargetsInParallel = 1;
				LastSwiftUpdateCheck = 1410;
				LastUpgradeCheck = 1410;
				TargetAttributes = {
					8CCC78CE2ABF4D6200BC227A = {
						CreatedOnToolsVersion = 14.1;
					};
				};
			};
			buildConfigurationList = 8CCC78CA2ABF4D6200BC227A /* Build configuration list for PBXProject "TCABeta" */;
			compatibilityVersion = "Xcode 14.0";
			developmentRegion = en;
			hasScannedForEncodings = 0;
			knownRegions = (
				en,
				Base,
			);
			mainGroup = 8CCC78C62ABF4D6200BC227A;
			packageReferences = (
				8CF901762ABF6F03001F3A54 /* XCRemoteSwiftPackageReference "swift-composable-architecture" */,
			);
			productRefGroup = 8CCC78D02ABF4D6200BC227A /* Products */;
			projectDirPath = "";
			projectRoot = "";
			targets = (
				8CCC78CE2ABF4D6200BC227A /* TCABeta */,
			);
		};
/* End PBXProject section */

/* Begin PBXResourcesBuildPhase section */
		8CCC78CD2ABF4D6200BC227A /* Resources */ = {
			isa = PBXResourcesBuildPhase;
			buildActionMask = 2147483647;
			files = (
				8CCC78DA2ABF4D6500BC227A /* Preview Assets.xcassets in Resources */,
				8CCC78D72ABF4D6500BC227A /* Assets.xcassets in Resources */,
			);
			runOnlyForDeploymentPostprocessing = 0;
		};
/* End PBXResourcesBuildPhase section */

/* Begin PBXSourcesBuildPhase section */
		8CCC78CB2ABF4D6200BC227A /* Sources */ = {
			isa = PBXSourcesBuildPhase;
			buildActionMask = 2147483647;
			files = (
				8CCC78D52ABF4D6200BC227A /* CounterView.swift in Sources */,
				8CCC78D32ABF4D6200BC227A /* TCABetaApp.swift in Sources */,
				8CF9017D2ABF7FB6001F3A54 /* PrimaryButton.swift in Sources */,
				8C59535B2ABFA0BD00E63540 /* AddContactFeature.swift in Sources */,
				8CF9017A2ABF6FD0001F3A54 /* CounterFeature.swift in Sources */,
				8CF901802ABF8025001F3A54 /* TitleView.swift in Sources */,
				8C59535E2ABFA15A00E63540 /* AddContactView.swift in Sources */,
				8C5953572ABF9EAC00E63540 /* ContactsFeature.swift in Sources */,
				8C5953592ABF9F3800E63540 /* ContactsView.swift in Sources */,
			);
			runOnlyForDeploymentPostprocessing = 0;
		};
/* End PBXSourcesBuildPhase section */

/* Begin XCBuildConfiguration section */
		8CCC78DB2ABF4D6500BC227A /* Debug */ = {
			isa = XCBuildConfiguration;
			buildSettings = {
				ALWAYS_SEARCH_USER_PATHS = NO;
				CLANG_ANALYZER_NONNULL = YES;
				CLANG_ANALYZER_NUMBER_OBJECT_CONVERSION = YES_AGGRESSIVE;
				CLANG_CXX_LANGUAGE_STANDARD = "gnu++20";
				CLANG_ENABLE_MODULES = YES;
				CLANG_ENABLE_OBJC_ARC = YES;
				CLANG_ENABLE_OBJC_WEAK = YES;
				CLANG_WARN_BLOCK_CAPTURE_AUTORELEASING = YES;
				CLANG_WARN_BOOL_CONVERSION = YES;
				CLANG_WARN_COMMA = YES;
				CLANG_WARN_CONSTANT_CONVERSION = YES;
				CLANG_WARN_DEPRECATED_OBJC_IMPLEMENTATIONS = YES;
				CLANG_WARN_DIRECT_OBJC_ISA_USAGE = YES_ERROR;
				CLANG_WARN_DOCUMENTATION_COMMENTS = YES;
				CLANG_WARN_EMPTY_BODY = YES;
				CLANG_WARN_ENUM_CONVERSION = YES;
				CLANG_WARN_INFINITE_RECURSION = YES;
				CLANG_WARN_INT_CONVERSION = YES;
				CLANG_WARN_NON_LITERAL_NULL_CONVERSION = YES;
				CLANG_WARN_OBJC_IMPLICIT_RETAIN_SELF = YES;
				CLANG_WARN_OBJC_LITERAL_CONVERSION = YES;
				CLANG_WARN_OBJC_ROOT_CLASS = YES_ERROR;
				CLANG_WARN_QUOTED_INCLUDE_IN_FRAMEWORK_HEADER = YES;
				CLANG_WARN_RANGE_LOOP_ANALYSIS = YES;
				CLANG_WARN_STRICT_PROTOTYPES = YES;
				CLANG_WARN_SUSPICIOUS_MOVE = YES;
				CLANG_WARN_UNGUARDED_AVAILABILITY = YES_AGGRESSIVE;
				CLANG_WARN_UNREACHABLE_CODE = YES;
				CLANG_WARN__DUPLICATE_METHOD_MATCH = YES;
				COPY_PHASE_STRIP = NO;
				DEBUG_INFORMATION_FORMAT = dwarf;
				ENABLE_STRICT_OBJC_MSGSEND = YES;
				ENABLE_TESTABILITY = YES;
				GCC_C_LANGUAGE_STANDARD = gnu11;
				GCC_DYNAMIC_NO_PIC = NO;
				GCC_NO_COMMON_BLOCKS = YES;
				GCC_OPTIMIZATION_LEVEL = 0;
				GCC_PREPROCESSOR_DEFINITIONS = (
					"DEBUG=1",
					"$(inherited)",
				);
				GCC_WARN_64_TO_32_BIT_CONVERSION = YES;
				GCC_WARN_ABOUT_RETURN_TYPE = YES_ERROR;
				GCC_WARN_UNDECLARED_SELECTOR = YES;
				GCC_WARN_UNINITIALIZED_AUTOS = YES_AGGRESSIVE;
				GCC_WARN_UNUSED_FUNCTION = YES;
				GCC_WARN_UNUSED_VARIABLE = YES;
				IPHONEOS_DEPLOYMENT_TARGET = 16.1;
				MTL_ENABLE_DEBUG_INFO = INCLUDE_SOURCE;
				MTL_FAST_MATH = YES;
				ONLY_ACTIVE_ARCH = YES;
				SDKROOT = iphoneos;
				SWIFT_ACTIVE_COMPILATION_CONDITIONS = DEBUG;
				SWIFT_OPTIMIZATION_LEVEL = "-Onone";
			};
			name = Debug;
		};
		8CCC78DC2ABF4D6500BC227A /* Release */ = {
			isa = XCBuildConfiguration;
			buildSettings = {
				ALWAYS_SEARCH_USER_PATHS = NO;
				CLANG_ANALYZER_NONNULL = YES;
				CLANG_ANALYZER_NUMBER_OBJECT_CONVERSION = YES_AGGRESSIVE;
				CLANG_CXX_LANGUAGE_STANDARD = "gnu++20";
				CLANG_ENABLE_MODULES = YES;
				CLANG_ENABLE_OBJC_ARC = YES;
				CLANG_ENABLE_OBJC_WEAK = YES;
				CLANG_WARN_BLOCK_CAPTURE_AUTORELEASING = YES;
				CLANG_WARN_BOOL_CONVERSION = YES;
				CLANG_WARN_COMMA = YES;
				CLANG_WARN_CONSTANT_CONVERSION = YES;
				CLANG_WARN_DEPRECATED_OBJC_IMPLEMENTATIONS = YES;
				CLANG_WARN_DIRECT_OBJC_ISA_USAGE = YES_ERROR;
				CLANG_WARN_DOCUMENTATION_COMMENTS = YES;
				CLANG_WARN_EMPTY_BODY = YES;
				CLANG_WARN_ENUM_CONVERSION = YES;
				CLANG_WARN_INFINITE_RECURSION = YES;
				CLANG_WARN_INT_CONVERSION = YES;
				CLANG_WARN_NON_LITERAL_NULL_CONVERSION = YES;
				CLANG_WARN_OBJC_IMPLICIT_RETAIN_SELF = YES;
				CLANG_WARN_OBJC_LITERAL_CONVERSION = YES;
				CLANG_WARN_OBJC_ROOT_CLASS = YES_ERROR;
				CLANG_WARN_QUOTED_INCLUDE_IN_FRAMEWORK_HEADER = YES;
				CLANG_WARN_RANGE_LOOP_ANALYSIS = YES;
				CLANG_WARN_STRICT_PROTOTYPES = YES;
				CLANG_WARN_SUSPICIOUS_MOVE = YES;
				CLANG_WARN_UNGUARDED_AVAILABILITY = YES_AGGRESSIVE;
				CLANG_WARN_UNREACHABLE_CODE = YES;
				CLANG_WARN__DUPLICATE_METHOD_MATCH = YES;
				COPY_PHASE_STRIP = NO;
				DEBUG_INFORMATION_FORMAT = "dwarf-with-dsym";
				ENABLE_NS_ASSERTIONS = NO;
				ENABLE_STRICT_OBJC_MSGSEND = YES;
				GCC_C_LANGUAGE_STANDARD = gnu11;
				GCC_NO_COMMON_BLOCKS = YES;
				GCC_WARN_64_TO_32_BIT_CONVERSION = YES;
				GCC_WARN_ABOUT_RETURN_TYPE = YES_ERROR;
				GCC_WARN_UNDECLARED_SELECTOR = YES;
				GCC_WARN_UNINITIALIZED_AUTOS = YES_AGGRESSIVE;
				GCC_WARN_UNUSED_FUNCTION = YES;
				GCC_WARN_UNUSED_VARIABLE = YES;
				IPHONEOS_DEPLOYMENT_TARGET = 16.1;
				MTL_ENABLE_DEBUG_INFO = NO;
				MTL_FAST_MATH = YES;
				SDKROOT = iphoneos;
				SWIFT_COMPILATION_MODE = wholemodule;
				SWIFT_OPTIMIZATION_LEVEL = "-O";
				VALIDATE_PRODUCT = YES;
			};
			name = Release;
		};
		8CCC78DE2ABF4D6500BC227A /* Debug */ = {
			isa = XCBuildConfiguration;
			buildSettings = {
				ASSETCATALOG_COMPILER_APPICON_NAME = AppIcon;
				ASSETCATALOG_COMPILER_GLOBAL_ACCENT_COLOR_NAME = AccentColor;
				CODE_SIGN_STYLE = Automatic;
				CURRENT_PROJECT_VERSION = 1;
				DEVELOPMENT_ASSET_PATHS = "\"TCABeta/Preview Content\"";
				DEVELOPMENT_TEAM = 2NHD6297F2;
				ENABLE_PREVIEWS = YES;
				GENERATE_INFOPLIST_FILE = YES;
				INFOPLIST_FILE = TCABeta/Info.plist;
				INFOPLIST_KEY_UIApplicationSceneManifest_Generation = YES;
				INFOPLIST_KEY_UIApplicationSupportsIndirectInputEvents = YES;
				INFOPLIST_KEY_UILaunchScreen_Generation = YES;
				INFOPLIST_KEY_UISupportedInterfaceOrientations_iPad = "UIInterfaceOrientationPortrait UIInterfaceOrientationPortraitUpsideDown UIInterfaceOrientationLandscapeLeft UIInterfaceOrientationLandscapeRight";
				INFOPLIST_KEY_UISupportedInterfaceOrientations_iPhone = "UIInterfaceOrientationPortrait UIInterfaceOrientationLandscapeLeft UIInterfaceOrientationLandscapeRight";
				IPHONEOS_DEPLOYMENT_TARGET = 14.1;
				LD_RUNPATH_SEARCH_PATHS = (
					"$(inherited)",
					"@executable_path/Frameworks",
				);
				MARKETING_VERSION = 1.0;
				PRODUCT_BUNDLE_IDENTIFIER = ibaika.TCABeta;
				PRODUCT_NAME = "$(TARGET_NAME)";
				SUPPORTED_PLATFORMS = "iphoneos iphonesimulator";
				SUPPORTS_MACCATALYST = NO;
				SUPPORTS_MAC_DESIGNED_FOR_IPHONE_IPAD = NO;
				SWIFT_EMIT_LOC_STRINGS = YES;
				SWIFT_VERSION = 5.0;
				TARGETED_DEVICE_FAMILY = 1;
			};
			name = Debug;
		};
		8CCC78DF2ABF4D6500BC227A /* Release */ = {
			isa = XCBuildConfiguration;
			buildSettings = {
				ASSETCATALOG_COMPILER_APPICON_NAME = AppIcon;
				ASSETCATALOG_COMPILER_GLOBAL_ACCENT_COLOR_NAME = AccentColor;
				CODE_SIGN_STYLE = Automatic;
				CURRENT_PROJECT_VERSION = 1;
				DEVELOPMENT_ASSET_PATHS = "\"TCABeta/Preview Content\"";
				DEVELOPMENT_TEAM = 2NHD6297F2;
				ENABLE_PREVIEWS = YES;
				GENERATE_INFOPLIST_FILE = YES;
				INFOPLIST_FILE = TCABeta/Info.plist;
				INFOPLIST_KEY_UIApplicationSceneManifest_Generation = YES;
				INFOPLIST_KEY_UIApplicationSupportsIndirectInputEvents = YES;
				INFOPLIST_KEY_UILaunchScreen_Generation = YES;
				INFOPLIST_KEY_UISupportedInterfaceOrientations_iPad = "UIInterfaceOrientationPortrait UIInterfaceOrientationPortraitUpsideDown UIInterfaceOrientationLandscapeLeft UIInterfaceOrientationLandscapeRight";
				INFOPLIST_KEY_UISupportedInterfaceOrientations_iPhone = "UIInterfaceOrientationPortrait UIInterfaceOrientationLandscapeLeft UIInterfaceOrientationLandscapeRight";
				IPHONEOS_DEPLOYMENT_TARGET = 14.1;
				LD_RUNPATH_SEARCH_PATHS = (
					"$(inherited)",
					"@executable_path/Frameworks",
				);
				MARKETING_VERSION = 1.0;
				PRODUCT_BUNDLE_IDENTIFIER = ibaika.TCABeta;
				PRODUCT_NAME = "$(TARGET_NAME)";
				SUPPORTED_PLATFORMS = "iphoneos iphonesimulator";
				SUPPORTS_MACCATALYST = NO;
				SUPPORTS_MAC_DESIGNED_FOR_IPHONE_IPAD = NO;
				SWIFT_EMIT_LOC_STRINGS = YES;
				SWIFT_VERSION = 5.0;
				TARGETED_DEVICE_FAMILY = 1;
			};
			name = Release;
		};
/* End XCBuildConfiguration section */

/* Begin XCConfigurationList section */
		8CCC78CA2ABF4D6200BC227A /* Build configuration list for PBXProject "TCABeta" */ = {
			isa = XCConfigurationList;
			buildConfigurations = (
				8CCC78DB2ABF4D6500BC227A /* Debug */,
				8CCC78DC2ABF4D6500BC227A /* Release */,
			);
			defaultConfigurationIsVisible = 0;
			defaultConfigurationName = Release;
		};
		8CCC78DD2ABF4D6500BC227A /* Build configuration list for PBXNativeTarget "TCABeta" */ = {
			isa = XCConfigurationList;
			buildConfigurations = (
				8CCC78DE2ABF4D6500BC227A /* Debug */,
				8CCC78DF2ABF4D6500BC227A /* Release */,
			);
			defaultConfigurationIsVisible = 0;
			defaultConfigurationName = Release;
		};
/* End XCConfigurationList section */

/* Begin XCRemoteSwiftPackageReference section */
		8CF901762ABF6F03001F3A54 /* XCRemoteSwiftPackageReference "swift-composable-architecture" */ = {
			isa = XCRemoteSwiftPackageReference;
			repositoryURL = "https://github.com/pointfreeco/swift-composable-architecture";
			requirement = {
				kind = upToNextMajorVersion;
				minimumVersion = 1.0.0;
			};
		};
/* End XCRemoteSwiftPackageReference section */

/* Begin XCSwiftPackageProductDependency section */
		8CF901772ABF6F03001F3A54 /* ComposableArchitecture */ = {
			isa = XCSwiftPackageProductDependency;
			package = 8CF901762ABF6F03001F3A54 /* XCRemoteSwiftPackageReference "swift-composable-architecture" */;
			productName = ComposableArchitecture;
		};
/* End XCSwiftPackageProductDependency section */
	};
	rootObject = 8CCC78C72ABF4D6200BC227A /* Project object */;
}
